
Microsoft Visual Studio Solution File, Format Version 12.00
# Visual Studio Version 17
VisualStudioVersion = 17.0.31903.59
MinimumVisualStudioVersion = 10.0.40219.1
Project("{FAE04EC0-301F-11D3-BF4B-00C04F79EFBC}") = "DragResizeCanvas", "DragResizeCanvas\DragResizeCanvas.csproj", "{373E128D-4FA4-4893-928B-1FA246387884}"
EndProject
Global
	GlobalSection(SolutionConfigurationPlatforms) = preSolution
		Debug|Any CPU = Debug|Any CPU
		Release|Any CPU = Release|Any CPU
	EndGlobalSection
	GlobalSection(SolutionProperties) = preSolution
		HideSolutionNode = FALSE
	EndGlobalSection
	GlobalSection(ProjectConfigurationPlatforms) = postSolution
		{373E128D-4FA4-4893-928B-1FA246387884}.Debug|Any CPU.ActiveCfg = Debug|Any CPU
		{373E128D-4FA4-4893-928B-1FA246387884}.Debug|Any CPU.Build.0 = Debug|Any CPU
		{373E128D-4FA4-4893-928B-1FA246387884}.Release|Any CPU.ActiveCfg = Release|Any CPU
		{373E128D-4FA4-4893-928B-1FA246387884}.Release|Any CPU.Build.0 = Release|Any CPU
	EndGlobalSection
EndGlobal
